
Microsoft Visual Studio Solution File, Format Version 12.00
# Visual Studio Version 17
VisualStudioVersion = 17.0.31903.59
MinimumVisualStudioVersion = 10.0.40219.1
Project("{FAE04EC0-301F-11D3-BF4B-00C04F79EFBC}") = "ObjectDiffNet", "ObjectDiffNet.csproj", "{D47E7E87-353B-466A-8173-2BDA6578D4C4}"
EndProject
Project("{FAE04EC0-301F-11D3-BF4B-00C04F79EFBC}") = "ObjectDiffNet.Tests", "..\ObjectDiffNet.Tests\ObjectDiffNet.Tests.csproj", "{91B955C9-347E-4C70-8373-043C626AA0BB}"
EndProject
Project("{2150E333-8FDC-42A3-9474-1A3956D46DE8}") = "SolutionItems", "SolutionItems", "{B77B9BAD-6548-44B9-8174-EBB1BEDF8D60}"
	ProjectSection(SolutionItems) = preProject
		..\.gitignore = ..\.gitignore
		..\LICENSE = ..\LICENSE
		..\README.md = ..\README.md
	EndProjectSection
EndProject
Global
	GlobalSection(SolutionConfigurationPlatforms) = preSolution
		Debug|Any CPU = Debug|Any CPU
		Release|Any CPU = Release|Any CPU
	EndGlobalSection
	GlobalSection(SolutionProperties) = preSolution
		HideSolutionNode = FALSE
	EndGlobalSection
	GlobalSection(ProjectConfigurationPlatforms) = postSolution
		{D47E7E87-353B-466A-8173-2BDA6578D4C4}.Debug|Any CPU.ActiveCfg = Debug|Any CPU
		{D47E7E87-353B-466A-8173-2BDA6578D4C4}.Debug|Any CPU.Build.0 = Debug|Any CPU
		{D47E7E87-353B-466A-8173-2BDA6578D4C4}.Release|Any CPU.ActiveCfg = Release|Any CPU
		{D47E7E87-353B-466A-8173-2BDA6578D4C4}.Release|Any CPU.Build.0 = Release|Any CPU
		{91B955C9-347E-4C70-8373-043C626AA0BB}.Debug|Any CPU.ActiveCfg = Debug|Any CPU
		{91B955C9-347E-4C70-8373-043C626AA0BB}.Debug|Any CPU.Build.0 = Debug|Any CPU
		{91B955C9-347E-4C70-8373-043C626AA0BB}.Release|Any CPU.ActiveCfg = Release|Any CPU
		{91B955C9-347E-4C70-8373-043C626AA0BB}.Release|Any CPU.Build.0 = Release|Any CPU
	EndGlobalSection
EndGlobal
